
Microsoft Visual Studio Solution File, Format Version 12.00
# Visual Studio Version 17
VisualStudioVersion = 17.0.32126.317
MinimumVisualStudioVersion = 10.0.40219.1
Project("{FAE04EC0-301F-11D3-BF4B-00C04F79EFBC}") = "ASP.Net Core Project", "ASP.Net Core Project\ASP.Net Core Project.csproj", "{07FC6672-7971-46BF-AA3B-5BBC0675623E}"
EndProject
Global
	GlobalSection(SolutionConfigurationPlatforms) = preSolution
		Debug|Any CPU = Debug|Any CPU
		Release|Any CPU = Release|Any CPU
	EndGlobalSection
	GlobalSection(ProjectConfigurationPlatforms) = postSolution
		{07FC6672-7971-46BF-AA3B-5BBC0675623E}.Debug|Any CPU.ActiveCfg = Debug|Any CPU
		{07FC6672-7971-46BF-AA3B-5BBC0675623E}.Debug|Any CPU.Build.0 = Debug|Any CPU
		{07FC6672-7971-46BF-AA3B-5BBC0675623E}.Release|Any CPU.ActiveCfg = Release|Any CPU
		{07FC6672-7971-46BF-AA3B-5BBC0675623E}.Release|Any CPU.Build.0 = Release|Any CPU
	EndGlobalSection
	GlobalSection(SolutionProperties) = preSolution
		HideSolutionNode = FALSE
	EndGlobalSection
	GlobalSection(ExtensibilityGlobals) = postSolution
		SolutionGuid = {CDDDA153-BEB4-4F37-885E-170B4F3F868D}
	EndGlobalSection
EndGlobal
